
Microsoft Visual Studio Solution File, Format Version 12.00
# Visual Studio 15
VisualStudioVersion = 15.0.28307.421
MinimumVisualStudioVersion = 10.0.40219.1
Project("{FAE04EC0-301F-11D3-BF4B-00C04F79EFBC}") = "FinancialAPI", "FinancialAPI\FinancialAPI.csproj", "{DEE07150-D195-4C6A-9FC1-9E533D065C8E}"
EndProject
Global
	GlobalSection(SolutionConfigurationPlatforms) = preSolution
		Debug|Any CPU = Debug|Any CPU
		Release|Any CPU = Release|Any CPU
	EndGlobalSection
	GlobalSection(ProjectConfigurationPlatforms) = postSolution
		{DEE07150-D195-4C6A-9FC1-9E533D065C8E}.Debug|Any CPU.ActiveCfg = Debug|Any CPU
		{DEE07150-D195-4C6A-9FC1-9E533D065C8E}.Debug|Any CPU.Build.0 = Debug|Any CPU
		{DEE07150-D195-4C6A-9FC1-9E533D065C8E}.Release|Any CPU.ActiveCfg = Release|Any CPU
		{DEE07150-D195-4C6A-9FC1-9E533D065C8E}.Release|Any CPU.Build.0 = Release|Any CPU
	EndGlobalSection
	GlobalSection(SolutionProperties) = preSolution
		HideSolutionNode = FALSE
	EndGlobalSection
	GlobalSection(ExtensibilityGlobals) = postSolution
		SolutionGuid = {1EA248B4-34F5-48A6-A884-95F72BD18944}
	EndGlobalSection
EndGlobal
